
Microsoft Visual Studio Solution File, Format Version 12.00
# Visual Studio 15
VisualStudioVersion = 15.0.27703.2026
MinimumVisualStudioVersion = 10.0.40219.1
Project("{FAE04EC0-301F-11D3-BF4B-00C04F79EFBC}") = "ava.caranas", "ava.caranas\ava.caranas.csproj", "{63BAE134-0D87-425B-A9C9-2B482DCD36E6}"
EndProject
Global
	GlobalSection(SolutionConfigurationPlatforms) = preSolution
		Debug|Any CPU = Debug|Any CPU
		Release|Any CPU = Release|Any CPU
	EndGlobalSection
	GlobalSection(ProjectConfigurationPlatforms) = postSolution
		{63BAE134-0D87-425B-A9C9-2B482DCD36E6}.Debug|Any CPU.ActiveCfg = Debug|Any CPU
		{63BAE134-0D87-425B-A9C9-2B482DCD36E6}.Debug|Any CPU.Build.0 = Debug|Any CPU
		{63BAE134-0D87-425B-A9C9-2B482DCD36E6}.Release|Any CPU.ActiveCfg = Release|Any CPU
		{63BAE134-0D87-425B-A9C9-2B482DCD36E6}.Release|Any CPU.Build.0 = Release|Any CPU
	EndGlobalSection
	GlobalSection(SolutionProperties) = preSolution
		HideSolutionNode = FALSE
	EndGlobalSection
	GlobalSection(ExtensibilityGlobals) = postSolution
		SolutionGuid = {14223E37-CB12-45DD-AECC-E88C6BD6BCAD}
	EndGlobalSection
EndGlobal
